{
  "name": "wwwroot",
  "version": "1.0.0",
  "lockfileVersion": 3,
  "requires": true,
  "packages": {
    "": {
      "name": "wwwroot",
      "version": "1.0.0",
      "license": "ISC",
      "dependencies": {
        "buttplug": "^4.0.0",
        "chess.js": "^1.4.0",
        "stockfish": "^18.0.5"
      }
    },
    "node_modules/buttplug": {
      "version": "4.0.0",
      "resolved": "https://registry.npmjs.org/buttplug/-/buttplug-4.0.0.tgz",
      "integrity": "sha512-9fO055gmZbHp7lI5C95pNbvjHye/n5cKNxv//ObW7Vh8R6UULE5tz8/dpYXJDcjy64DbX1+M5KnUgr40ygafsQ==",
      "dependencies": {
        "eventemitter3": "^5.0.1",
        "ws": "^8.18.3"
      }
    },
    "node_modules/chess.js": {
      "version": "1.4.0",
      "resolved": "https://registry.npmjs.org/chess.js/-/chess.js-1.4.0.tgz",
      "integrity": "sha512-BBJgrrtKQOzFLonR0l+k64A98NLemPwNsCskwb+29bRwobUa4iTm51E1kwGPbWXAcfdDa18nad6vpPPKPWarqw=="
    },
    "node_modules/eventemitter3": {
      "version": "5.0.4",
      "resolved": "https://registry.npmjs.org/eventemitter3/-/eventemitter3-5.0.4.tgz",
      "integrity": "sha512-mlsTRyGaPBjPedk6Bvw+aqbsXDtoAyAzm5MO7JgU+yVRyMQ5O8bD4Kcci7BS85f93veegeCPkL8R4GLClnjLFw=="
    },
    "node_modules/stockfish": {
      "version": "18.0.5",
      "resolved": "https://registry.npmjs.org/stockfish/-/stockfish-18.0.5.tgz",
      "integrity": "sha512-2A8mrlrYT8ovf4y8GIrmzOQZCC2kf01hPeM4xrVZdBeFC/LoZj+MgYLyrwdKXDQWubx1RCiKU9dFDGeDutuT3A==",
      "hasInstallScript": true,
      "bin": {
        "stockfish": "scripts/cli.js"
      }
    },
    "node_modules/ws": {
      "version": "8.19.0",
      "resolved": "https://registry.npmjs.org/ws/-/ws-8.19.0.tgz",
      "integrity": "sha512-blAT2mjOEIi0ZzruJfIhb3nps74PRWTCz1IjglWEEpQl5XS/UNama6u2/rjFkDDouqr4L67ry+1aGIALViWjDg==",
      "engines": {
        "node": ">=10.0.0"
      },
      "peerDependencies": {
        "bufferutil": "^4.0.1",
        "utf-8-validate": ">=5.0.2"
      },
      "peerDependenciesMeta": {
        "bufferutil": {
          "optional": true
        },
        "utf-8-validate": {
          "optional": true
        }
      }
    }
  }
}
